
Microsoft Visual Studio Solution File, Format Version 12.00
# Visual Studio Version 17
VisualStudioVersion = 17.14.36025.13 d17.14
MinimumVisualStudioVersion = 10.0.40219.1
Project("{FAE04EC0-301F-11D3-BF4B-00C04F79EFBC}") = "DemonicBotWin", "DemonicBotWin\DemonicBotWin.csproj", "{8388C2D4-45D9-45DF-878F-8229D74736EB}"
EndProject
Global
	GlobalSection(SolutionConfigurationPlatforms) = preSolution
		Debug|Any CPU = Debug|Any CPU
		Release|Any CPU = Release|Any CPU
	EndGlobalSection
	GlobalSection(ProjectConfigurationPlatforms) = postSolution
		{8388C2D4-45D9-45DF-878F-8229D74736EB}.Debug|Any CPU.ActiveCfg = Debug|Any CPU
		{8388C2D4-45D9-45DF-878F-8229D74736EB}.Debug|Any CPU.Build.0 = Debug|Any CPU
		{8388C2D4-45D9-45DF-878F-8229D74736EB}.Release|Any CPU.ActiveCfg = Release|Any CPU
		{8388C2D4-45D9-45DF-878F-8229D74736EB}.Release|Any CPU.Build.0 = Release|Any CPU
	EndGlobalSection
	GlobalSection(SolutionProperties) = preSolution
		HideSolutionNode = FALSE
	EndGlobalSection
	GlobalSection(ExtensibilityGlobals) = postSolution
		SolutionGuid = {76E8781D-336A-40E3-B33A-EF7414136EEE}
	EndGlobalSection
EndGlobal
